// !$*UTF8*$!
{
	archiveVersion = 1;
	classes = {
	};
	objectVersion = 50;
	objects = {

/* Begin PBXBuildFile section */
		A7F66D6A20C03ADF00DC598C /* AppDelegate.swift in Sources */ = {isa = PBXBuildFile; fileRef = A7F66D6920C03ADF00DC598C /* AppDelegate.swift */; };
		A7F66D6C20C03ADF00DC598C /* ViewController.swift in Sources */ = {isa = PBXBuildFile; fileRef = A7F66D6B20C03ADF00DC598C /* ViewController.swift */; };
		A7F66D6F20C03ADF00DC598C /* Main.storyboard in Resources */ = {isa = PBXBuildFile; fileRef = A7F66D6D20C03ADF00DC598C /* Main.storyboard */; };
		A7F66D7120C03AE000DC598C /* Assets.xcassets in Resources */ = {isa = PBXBuildFile; fileRef = A7F66D7020C03AE000DC598C /* Assets.xcassets */; };
		A7F66D7420C03AE000DC598C /* LaunchScreen.storyboard in Resources */ = {isa = PBXBuildFile; fileRef = A7F66D7220C03AE000DC598C /* LaunchScreen.storyboard */; };
		A7F66D7F20C03AE000DC598C /* appTests.swift in Sources */ = {isa = PBXBuildFile; fileRef = A7F66D7E20C03AE000DC598C /* appTests.swift */; };
		A7F66D8A20C03AE000DC598C /* appUITests.swift in Sources */ = {isa = PBXBuildFile; fileRef = A7F66D8920C03AE000DC598C /* appUITests.swift */; };
		A7F66D9820C03B2100DC598C /* EmjoyCollectionViewLayout.swift in Sources */ = {isa = PBXBuildFile; fileRef = A7F66D9720C03B2100DC598C /* EmjoyCollectionViewLayout.swift */; };
/* End PBXBuildFile section */

/* Begin PBXContainerItemProxy section */
		A7F66D7B20C03AE000DC598C /* PBXContainerItemProxy */ = {
			isa = PBXContainerItemProxy;
			containerPortal = A7F66D5E20C03ADF00DC598C /* Project object */;
			proxyType = 1;
			remoteGlobalIDString = A7F66D6520C03ADF00DC598C;
			remoteInfo = app;
		};
		A7F66D8620C03AE000DC598C /* PBXContainerItemProxy */ = {
			isa = PBXContainerItemProxy;
			containerPortal = A7F66D5E20C03ADF00DC598C /* Project object */;
			proxyType = 1;
			remoteGlobalIDString = A7F66D6520C03ADF00DC598C;
			remoteInfo = app;
		};
/* End PBXContainerItemProxy section */

/* Begin PBXFileReference section */
		A7F66D6620C03ADF00DC598C /* app.app */ = {isa = PBXFileReference; explicitFileType = wrapper.application; includeInIndex = 0; path = app.app; sourceTree = BUILT_PRODUCTS_DIR; };
		A7F66D6920C03ADF00DC598C /* AppDelegate.swift */ = {isa = PBXFileReference; lastKnownFileType = sourcecode.swift; path = AppDelegate.swift; sourceTree = "<group>"; };
		A7F66D6B20C03ADF00DC598C /* ViewController.swift */ = {isa = PBXFileReference; lastKnownFileType = sourcecode.swift; path = ViewController.swift; sourceTree = "<group>"; };
		A7F66D6E20C03ADF00DC598C /* Base */ = {isa = PBXFileReference; lastKnownFileType = file.storyboard; name = Base; path = Base.lproj/Main.storyboard; sourceTree = "<group>"; };
		A7F66D7020C03AE000DC598C /* Assets.xcassets */ = {isa = PBXFileReference; lastKnownFileType = folder.assetcatalog; path = Assets.xcassets; sourceTree = "<group>"; };
		A7F66D7320C03AE000DC598C /* Base */ = {isa = PBXFileReference; lastKnownFileType = file.storyboard; name = Base; path = Base.lproj/LaunchScreen.storyboard; sourceTree = "<group>"; };
		A7F66D7520C03AE000DC598C /* Info.plist */ = {isa = PBXFileReference; lastKnownFileType = text.plist.xml; path = Info.plist; sourceTree = "<group>"; };
		A7F66D7A20C03AE000DC598C /* appTests.xctest */ = {isa = PBXFileReference; explicitFileType = wrapper.cfbundle; includeInIndex = 0; path = appTests.xctest; sourceTree = BUILT_PRODUCTS_DIR; };
		A7F66D7E20C03AE000DC598C /* appTests.swift */ = {isa = PBXFileReference; lastKnownFileType = sourcecode.swift; path = appTests.swift; sourceTree = "<group>"; };
		A7F66D8020C03AE000DC598C /* Info.plist */ = {isa = PBXFileReference; lastKnownFileType = text.plist.xml; path = Info.plist; sourceTree = "<group>"; };
		A7F66D8520C03AE000DC598C /* appUITests.xctest */ = {isa = PBXFileReference; explicitFileType = wrapper.cfbundle; includeInIndex = 0; path = appUITests.xctest; sourceTree = BUILT_PRODUCTS_DIR; };
		A7F66D8920C03AE000DC598C /* appUITests.swift */ = {isa = PBXFileReference; lastKnownFileType = sourcecode.swift; path = appUITests.swift; sourceTree = "<group>"; };
		A7F66D8B20C03AE000DC598C /* Info.plist */ = {isa = PBXFileReference; lastKnownFileType = text.plist.xml; path = Info.plist; sourceTree = "<group>"; };
		A7F66D9720C03B2100DC598C /* EmjoyCollectionViewLayout.swift */ = {isa = PBXFileReference; lastKnownFileType = sourcecode.swift; path = EmjoyCollectionViewLayout.swift; sourceTree = "<group>"; };
/* End PBXFileReference section */

/* Begin PBXFrameworksBuildPhase section */
		A7F66D6320C03ADF00DC598C /* Frameworks */ = {
			isa = PBXFrameworksBuildPhase;
			buildActionMask = 2147483647;
			files = (
			);
			runOnlyForDeploymentPostprocessing = 0;
		};
		A7F66D7720C03AE000DC598C /* Frameworks */ = {
			isa = PBXFrameworksBuildPhase;
			buildActionMask = 2147483647;
			files = (
			);
			runOnlyForDeploymentPostprocessing = 0;
		};
		A7F66D8220C03AE000DC598C /* Frameworks */ = {
			isa = PBXFrameworksBuildPhase;
			buildActionMask = 2147483647;
			files = (
			);
			runOnlyForDeploymentPostprocessing = 0;
		};
/* End PBXFrameworksBuildPhase section */

/* Begin PBXGroup section */
		A7F66D5D20C03ADF00DC598C = {
			isa = PBXGroup;
			children = (
				A7F66D6820C03ADF00DC598C /* app */,
				A7F66D7D20C03AE000DC598C /* appTests */,
				A7F66D8820C03AE000DC598C /* appUITests */,
				A7F66D6720C03ADF00DC598C /* Products */,
			);
			sourceTree = "<group>";
		};
		A7F66D6720C03ADF00DC598C /* Products */ = {
			isa = PBXGroup;
			children = (
				A7F66D6620C03ADF00DC598C /* app.app */,
				A7F66D7A20C03AE000DC598C /* appTests.xctest */,
				A7F66D8520C03AE000DC598C /* appUITests.xctest */,
			);
			name = Products;
			sourceTree = "<group>";
		};
		A7F66D6820C03ADF00DC598C /* app */ = {
			isa = PBXGroup;
			children = (
				A7F66D6920C03ADF00DC598C /* AppDelegate.swift */,
				A7F66D6B20C03ADF00DC598C /* ViewController.swift */,
				A7F66D6D20C03ADF00DC598C /* Main.storyboard */,
				A7F66D7020C03AE000DC598C /* Assets.xcassets */,
				A7F66D7220C03AE000DC598C /* LaunchScreen.storyboard */,
				A7F66D7520C03AE000DC598C /* Info.plist */,
				A7F66D9720C03B2100DC598C /* EmjoyCollectionViewLayout.swift */,
			);
			path = app;
			sourceTree = "<group>";
		};
		A7F66D7D20C03AE000DC598C /* appTests */ = {
			isa = PBXGroup;
			children = (
				A7F66D7E20C03AE000DC598C /* appTests.swift */,
				A7F66D8020C03AE000DC598C /* Info.plist */,
			);
			path = appTests;
			sourceTree = "<group>";
		};
		A7F66D8820C03AE000DC598C /* appUITests */ = {
			isa = PBXGroup;
			children = (
				A7F66D8920C03AE000DC598C /* appUITests.swift */,
				A7F66D8B20C03AE000DC598C /* Info.plist */,
			);
			path = appUITests;
			sourceTree = "<group>";
		};
/* End PBXGroup section */

/* Begin PBXNativeTarget section */
		A7F66D6520C03ADF00DC598C /* app */ = {
			isa = PBXNativeTarget;
			buildConfigurationList = A7F66D8E20C03AE000DC598C /* Build configuration list for PBXNativeTarget "app" */;
			buildPhases = (
				A7F66D6220C03ADF00DC598C /* Sources */,
				A7F66D6320C03ADF00DC598C /* Frameworks */,
				A7F66D6420C03ADF00DC598C /* Resources */,
			);
			buildRules = (
			);
			dependencies = (
			);
			name = app;
			productName = app;
			productReference = A7F66D6620C03ADF00DC598C /* app.app */;
			productType = "com.apple.product-type.application";
		};
		A7F66D7920C03AE000DC598C /* appTests */ = {
			isa = PBXNativeTarget;
			buildConfigurationList = A7F66D9120C03AE000DC598C /* Build configuration list for PBXNativeTarget "appTests" */;
			buildPhases = (
				A7F66D7620C03AE000DC598C /* Sources */,
				A7F66D7720C03AE000DC598C /* Frameworks */,
				A7F66D7820C03AE000DC598C /* Resources */,
			);
			buildRules = (
			);
			dependencies = (
				A7F66D7C20C03AE000DC598C /* PBXTargetDependency */,
			);
			name = appTests;
			productName = appTests;
			productReference = A7F66D7A20C03AE000DC598C /* appTests.xctest */;
			productType = "com.apple.product-type.bundle.unit-test";
		};
		A7F66D8420C03AE000DC598C /* appUITests */ = {
			isa = PBXNativeTarget;
			buildConfigurationList = A7F66D9420C03AE000DC598C /* Build configuration list for PBXNativeTarget "appUITests" */;
			buildPhases = (
				A7F66D8120C03AE000DC598C /* Sources */,
				A7F66D8220C03AE000DC598C /* Frameworks */,
				A7F66D8320C03AE000DC598C /* Resources */,
			);
			buildRules = (
			);
			dependencies = (
				A7F66D8720C03AE000DC598C /* PBXTargetDependency */,
			);
			name = appUITests;
			productName = appUITests;
			productReference = A7F66D8520C03AE000DC598C /* appUITests.xctest */;
			productType = "com.apple.product-type.bundle.ui-testing";
		};
/* End PBXNativeTarget section */

/* Begin PBXProject section */
		A7F66D5E20C03ADF00DC598C /* Project object */ = {
			isa = PBXProject;
			attributes = {
				LastSwiftUpdateCheck = 0940;
				LastUpgradeCheck = 0940;
				ORGANIZATIONNAME = "单琦";
				TargetAttributes = {
					A7F66D6520C03ADF00DC598C = {
						CreatedOnToolsVersion = 9.4;
					};
					A7F66D7920C03AE000DC598C = {
						CreatedOnToolsVersion = 9.4;
						TestTargetID = A7F66D6520C03ADF00DC598C;
					};
					A7F66D8420C03AE000DC598C = {
						CreatedOnToolsVersion = 9.4;
						TestTargetID = A7F66D6520C03ADF00DC598C;
					};
				};
			};
			buildConfigurationList = A7F66D6120C03ADF00DC598C /* Build configuration list for PBXProject "app" */;
			compatibilityVersion = "Xcode 9.3";
			developmentRegion = en;
			hasScannedForEncodings = 0;
			knownRegions = (
				en,
				Base,
			);
			mainGroup = A7F66D5D20C03ADF00DC598C;
			productRefGroup = A7F66D6720C03ADF00DC598C /* Products */;
			projectDirPath = "";
			projectRoot = "";
			targets = (
				A7F66D6520C03ADF00DC598C /* app */,
				A7F66D7920C03AE000DC598C /* appTests */,
				A7F66D8420C03AE000DC598C /* appUITests */,
			);
		};
/* End PBXProject section */

/* Begin PBXResourcesBuildPhase section */
		A7F66D6420C03ADF00DC598C /* Resources */ = {
			isa = PBXResourcesBuildPhase;
			buildActionMask = 2147483647;
			files = (
				A7F66D7420C03AE000DC598C /* LaunchScreen.storyboard in Resources */,
				A7F66D7120C03AE000DC598C /* Assets.xcassets in Resources */,
				A7F66D6F20C03ADF00DC598C /* Main.storyboard in Resources */,
			);
			runOnlyForDeploymentPostprocessing = 0;
		};
		A7F66D7820C03AE000DC598C /* Resources */ = {
			isa = PBXResourcesBuildPhase;
			buildActionMask = 2147483647;
			files = (
			);
			runOnlyForDeploymentPostprocessing = 0;
		};
		A7F66D8320C03AE000DC598C /* Resources */ = {
			isa = PBXResourcesBuildPhase;
			buildActionMask = 2147483647;
			files = (
			);
			runOnlyForDeploymentPostprocessing = 0;
		};
/* End PBXResourcesBuildPhase section */

/* Begin PBXSourcesBuildPhase section */
		A7F66D6220C03ADF00DC598C /* Sources */ = {
			isa = PBXSourcesBuildPhase;
			buildActionMask = 2147483647;
			files = (
				A7F66D9820C03B2100DC598C /* EmjoyCollectionViewLayout.swift in Sources */,
				A7F66D6C20C03ADF00DC598C /* ViewController.swift in Sources */,
				A7F66D6A20C03ADF00DC598C /* AppDelegate.swift in Sources */,
			);
			runOnlyForDeploymentPostprocessing = 0;
		};
		A7F66D7620C03AE000DC598C /* Sources */ = {
			isa = PBXSourcesBuildPhase;
			buildActionMask = 2147483647;
			files = (
				A7F66D7F20C03AE000DC598C /* appTests.swift in Sources */,
			);
			runOnlyForDeploymentPostprocessing = 0;
		};
		A7F66D8120C03AE000DC598C /* Sources */ = {
			isa = PBXSourcesBuildPhase;
			buildActionMask = 2147483647;
			files = (
				A7F66D8A20C03AE000DC598C /* appUITests.swift in Sources */,
			);
			runOnlyForDeploymentPostprocessing = 0;
		};
/* End PBXSourcesBuildPhase section */

/* Begin PBXTargetDependency section */
		A7F66D7C20C03AE000DC598C /* PBXTargetDependency */ = {
			isa = PBXTargetDependency;
			target = A7F66D6520C03ADF00DC598C /* app */;
			targetProxy = A7F66D7B20C03AE000DC598C /* PBXContainerItemProxy */;
		};
		A7F66D8720C03AE000DC598C /* PBXTargetDependency */ = {
			isa = PBXTargetDependency;
			target = A7F66D6520C03ADF00DC598C /* app */;
			targetProxy = A7F66D8620C03AE000DC598C /* PBXContainerItemProxy */;
		};
/* End PBXTargetDependency section */

/* Begin PBXVariantGroup section */
		A7F66D6D20C03ADF00DC598C /* Main.storyboard */ = {
			isa = PBXVariantGroup;
			children = (
				A7F66D6E20C03ADF00DC598C /* Base */,
			);
			name = Main.storyboard;
			sourceTree = "<group>";
		};
		A7F66D7220C03AE000DC598C /* LaunchScreen.storyboard */ = {
			isa = PBXVariantGroup;
			children = (
				A7F66D7320C03AE000DC598C /* Base */,
			);
			name = LaunchScreen.storyboard;
			sourceTree = "<group>";
		};
/* End PBXVariantGroup section */

/* Begin XCBuildConfiguration section */
		A7F66D8C20C03AE000DC598C /* Debug */ = {
			isa = XCBuildConfiguration;
			buildSettings = {
				ALWAYS_SEARCH_USER_PATHS = NO;
				CLANG_ANALYZER_NONNULL = YES;
				CLANG_ANALYZER_NUMBER_OBJECT_CONVERSION = YES_AGGRESSIVE;
				CLANG_CXX_LANGUAGE_STANDARD = "gnu++14";
				CLANG_CXX_LIBRARY = "libc++";
				CLANG_ENABLE_MODULES = YES;
				CLANG_ENABLE_OBJC_ARC = YES;
				CLANG_ENABLE_OBJC_WEAK = YES;
				CLANG_WARN_BLOCK_CAPTURE_AUTORELEASING = YES;
				CLANG_WARN_BOOL_CONVERSION = YES;
				CLANG_WARN_COMMA = YES;
				CLANG_WARN_CONSTANT_CONVERSION = YES;
				CLANG_WARN_DEPRECATED_OBJC_IMPLEMENTATIONS = YES;
				CLANG_WARN_DIRECT_OBJC_ISA_USAGE = YES_ERROR;
				CLANG_WARN_DOCUMENTATION_COMMENTS = YES;
				CLANG_WARN_EMPTY_BODY = YES;
				CLANG_WARN_ENUM_CONVERSION = YES;
				CLANG_WARN_INFINITE_RECURSION = YES;
				CLANG_WARN_INT_CONVERSION = YES;
				CLANG_WARN_NON_LITERAL_NULL_CONVERSION = YES;
				CLANG_WARN_OBJC_IMPLICIT_RETAIN_SELF = YES;
				CLANG_WARN_OBJC_LITERAL_CONVERSION = YES;
				CLANG_WARN_OBJC_ROOT_CLASS = YES_ERROR;
				CLANG_WARN_RANGE_LOOP_ANALYSIS = YES;
				CLANG_WARN_STRICT_PROTOTYPES = YES;
				CLANG_WARN_SUSPICIOUS_MOVE = YES;
				CLANG_WARN_UNGUARDED_AVAILABILITY = YES_AGGRESSIVE;
				CLANG_WARN_UNREACHABLE_CODE = YES;
				CLANG_WARN__DUPLICATE_METHOD_MATCH = YES;
				CODE_SIGN_IDENTITY = "iPhone Developer";
				COPY_PHASE_STRIP = NO;
				DEBUG_INFORMATION_FORMAT = dwarf;
				ENABLE_STRICT_OBJC_MSGSEND = YES;
				ENABLE_TESTABILITY = YES;
				GCC_C_LANGUAGE_STANDARD = gnu11;
				GCC_DYNAMIC_NO_PIC = NO;
				GCC_NO_COMMON_BLOCKS = YES;
				GCC_OPTIMIZATION_LEVEL = 0;
				GCC_PREPROCESSOR_DEFINITIONS = (
					"DEBUG=1",
					"$(inherited)",
				);
				GCC_WARN_64_TO_32_BIT_CONVERSION = YES;
				GCC_WARN_ABOUT_RETURN_TYPE = YES_ERROR;
				GCC_WARN_UNDECLARED_SELECTOR = YES;
				GCC_WARN_UNINITIALIZED_AUTOS = YES_AGGRESSIVE;
				GCC_WARN_UNUSED_FUNCTION = YES;
				GCC_WARN_UNUSED_VARIABLE = YES;
				IPHONEOS_DEPLOYMENT_TARGET = 11.4;
				MTL_ENABLE_DEBUG_INFO = YES;
				ONLY_ACTIVE_ARCH = YES;
				SDKROOT = iphoneos;
				SWIFT_ACTIVE_COMPILATION_CONDITIONS = DEBUG;
				SWIFT_OPTIMIZATION_LEVEL = "-Onone";
			};
			name = Debug;
		};
		A7F66D8D20C03AE000DC598C /* Release */ = {
			isa = XCBuildConfiguration;
			buildSettings = {
				ALWAYS_SEARCH_USER_PATHS = NO;
				CLANG_ANALYZER_NONNULL = YES;
				CLANG_ANALYZER_NUMBER_OBJECT_CONVERSION = YES_AGGRESSIVE;
				CLANG_CXX_LANGUAGE_STANDARD = "gnu++14";
				CLANG_CXX_LIBRARY = "libc++";
				CLANG_ENABLE_MODULES = YES;
				CLANG_ENABLE_OBJC_ARC = YES;
				CLANG_ENABLE_OBJC_WEAK = YES;
				CLANG_WARN_BLOCK_CAPTURE_AUTORELEASING = YES;
				CLANG_WARN_BOOL_CONVERSION = YES;
				CLANG_WARN_COMMA = YES;
				CLANG_WARN_CONSTANT_CONVERSION = YES;
				CLANG_WARN_DEPRECATED_OBJC_IMPLEMENTATIONS = YES;
				CLANG_WARN_DIRECT_OBJC_ISA_USAGE = YES_ERROR;
				CLANG_WARN_DOCUMENTATION_COMMENTS = YES;
				CLANG_WARN_EMPTY_BODY = YES;
				CLANG_WARN_ENUM_CONVERSION = YES;
				CLANG_WARN_INFINITE_RECURSION = YES;
				CLANG_WARN_INT_CONVERSION = YES;
				CLANG_WARN_NON_LITERAL_NULL_CONVERSION = YES;
				CLANG_WARN_OBJC_IMPLICIT_RETAIN_SELF = YES;
				CLANG_WARN_OBJC_LITERAL_CONVERSION = YES;
				CLANG_WARN_OBJC_ROOT_CLASS = YES_ERROR;
				CLANG_WARN_RANGE_LOOP_ANALYSIS = YES;
				CLANG_WARN_STRICT_PROTOTYPES = YES;
				CLANG_WARN_SUSPICIOUS_MOVE = YES;
				CLANG_WARN_UNGUARDED_AVAILABILITY = YES_AGGRESSIVE;
				CLANG_WARN_UNREACHABLE_CODE = YES;
				CLANG_WARN__DUPLICATE_METHOD_MATCH = YES;
				CODE_SIGN_IDENTITY = "iPhone Developer";
				COPY_PHASE_STRIP = NO;
				DEBUG_INFORMATION_FORMAT = "dwarf-with-dsym";
				ENABLE_NS_ASSERTIONS = NO;
				ENABLE_STRICT_OBJC_MSGSEND = YES;
				GCC_C_LANGUAGE_STANDARD = gnu11;
				GCC_NO_COMMON_BLOCKS = YES;
				GCC_WARN_64_TO_32_BIT_CONVERSION = YES;
				GCC_WARN_ABOUT_RETURN_TYPE = YES_ERROR;
				GCC_WARN_UNDECLARED_SELECTOR = YES;
				GCC_WARN_UNINITIALIZED_AUTOS = YES_AGGRESSIVE;
				GCC_WARN_UNUSED_FUNCTION = YES;
				GCC_WARN_UNUSED_VARIABLE = YES;
				IPHONEOS_DEPLOYMENT_TARGET = 11.4;
				MTL_ENABLE_DEBUG_INFO = NO;
				SDKROOT = iphoneos;
				SWIFT_COMPILATION_MODE = wholemodule;
				SWIFT_OPTIMIZATION_LEVEL = "-O";
				VALIDATE_PRODUCT = YES;
			};
			name = Release;
		};
		A7F66D8F20C03AE000DC598C /* Debug */ = {
			isa = XCBuildConfiguration;
			buildSettings = {
				ASSETCATALOG_COMPILER_APPICON_NAME = AppIcon;
				CODE_SIGN_STYLE = Automatic;
				DEVELOPMENT_TEAM = 373E7V4KDR;
				INFOPLIST_FILE = app/Info.plist;
				LD_RUNPATH_SEARCH_PATHS = (
					"$(inherited)",
					"@executable_path/Frameworks",
				);
				PRODUCT_BUNDLE_IDENTIFIER = xq.app;
				PRODUCT_NAME = "$(TARGET_NAME)";
				SWIFT_VERSION = 4.0;
				TARGETED_DEVICE_FAMILY = "1,2";
			};
			name = Debug;
		};
		A7F66D9020C03AE000DC598C /* Release */ = {
			isa = XCBuildConfiguration;
			buildSettings = {
				ASSETCATALOG_COMPILER_APPICON_NAME = AppIcon;
				CODE_SIGN_STYLE = Automatic;
				DEVELOPMENT_TEAM = 373E7V4KDR;
				INFOPLIST_FILE = app/Info.plist;
				LD_RUNPATH_SEARCH_PATHS = (
					"$(inherited)",
					"@executable_path/Frameworks",
				);
				PRODUCT_BUNDLE_IDENTIFIER = xq.app;
				PRODUCT_NAME = "$(TARGET_NAME)";
				SWIFT_VERSION = 4.0;
				TARGETED_DEVICE_FAMILY = "1,2";
			};
			name = Release;
		};
		A7F66D9220C03AE000DC598C /* Debug */ = {
			isa = XCBuildConfiguration;
			buildSettings = {
				ALWAYS_EMBED_SWIFT_STANDARD_LIBRARIES = YES;
				BUNDLE_LOADER = "$(TEST_HOST)";
				CODE_SIGN_STYLE = Automatic;
				DEVELOPMENT_TEAM = 373E7V4KDR;
				INFOPLIST_FILE = appTests/Info.plist;
				LD_RUNPATH_SEARCH_PATHS = (
					"$(inherited)",
					"@executable_path/Frameworks",
					"@loader_path/Frameworks",
				);
				PRODUCT_BUNDLE_IDENTIFIER = xq.appTests;
				PRODUCT_NAME = "$(TARGET_NAME)";
				SWIFT_VERSION = 4.0;
				TARGETED_DEVICE_FAMILY = "1,2";
				TEST_HOST = "$(BUILT_PRODUCTS_DIR)/app.app/app";
			};
			name = Debug;
		};
		A7F66D9320C03AE000DC598C /* Release */ = {
			isa = XCBuildConfiguration;
			buildSettings = {
				ALWAYS_EMBED_SWIFT_STANDARD_LIBRARIES = YES;
				BUNDLE_LOADER = "$(TEST_HOST)";
				CODE_SIGN_STYLE = Automatic;
				DEVELOPMENT_TEAM = 373E7V4KDR;
				INFOPLIST_FILE = appTests/Info.plist;
				LD_RUNPATH_SEARCH_PATHS = (
					"$(inherited)",
					"@executable_path/Frameworks",
					"@loader_path/Frameworks",
				);
				PRODUCT_BUNDLE_IDENTIFIER = xq.appTests;
				PRODUCT_NAME = "$(TARGET_NAME)";
				SWIFT_VERSION = 4.0;
				TARGETED_DEVICE_FAMILY = "1,2";
				TEST_HOST = "$(BUILT_PRODUCTS_DIR)/app.app/app";
			};
			name = Release;
		};
		A7F66D9520C03AE000DC598C /* Debug */ = {
			isa = XCBuildConfiguration;
			buildSettings = {
				ALWAYS_EMBED_SWIFT_STANDARD_LIBRARIES = YES;
				CODE_SIGN_STYLE = Automatic;
				DEVELOPMENT_TEAM = 373E7V4KDR;
				INFOPLIST_FILE = appUITests/Info.plist;
				LD_RUNPATH_SEARCH_PATHS = (
					"$(inherited)",
					"@executable_path/Frameworks",
					"@loader_path/Frameworks",
				);
				PRODUCT_BUNDLE_IDENTIFIER = xq.appUITests;
				PRODUCT_NAME = "$(TARGET_NAME)";
				SWIFT_VERSION = 4.0;
				TARGETED_DEVICE_FAMILY = "1,2";
				TEST_TARGET_NAME = app;
			};
			name = Debug;
		};
		A7F66D9620C03AE000DC598C /* Release */ = {
			isa = XCBuildConfiguration;
			buildSettings = {
				ALWAYS_EMBED_SWIFT_STANDARD_LIBRARIES = YES;
				CODE_SIGN_STYLE = Automatic;
				DEVELOPMENT_TEAM = 373E7V4KDR;
				INFOPLIST_FILE = appUITests/Info.plist;
				LD_RUNPATH_SEARCH_PATHS = (
					"$(inherited)",
					"@executable_path/Frameworks",
					"@loader_path/Frameworks",
				);
				PRODUCT_BUNDLE_IDENTIFIER = xq.appUITests;
				PRODUCT_NAME = "$(TARGET_NAME)";
				SWIFT_VERSION = 4.0;
				TARGETED_DEVICE_FAMILY = "1,2";
				TEST_TARGET_NAME = app;
			};
			name = Release;
		};
/* End XCBuildConfiguration section */

/* Begin XCConfigurationList section */
		A7F66D6120C03ADF00DC598C /* Build configuration list for PBXProject "app" */ = {
			isa = XCConfigurationList;
			buildConfigurations = (
				A7F66D8C20C03AE000DC598C /* Debug */,
				A7F66D8D20C03AE000DC598C /* Release */,
			);
			defaultConfigurationIsVisible = 0;
			defaultConfigurationName = Release;
		};
		A7F66D8E20C03AE000DC598C /* Build configuration list for PBXNativeTarget "app" */ = {
			isa = XCConfigurationList;
			buildConfigurations = (
				A7F66D8F20C03AE000DC598C /* Debug */,
				A7F66D9020C03AE000DC598C /* Release */,
			);
			defaultConfigurationIsVisible = 0;
			defaultConfigurationName = Release;
		};
		A7F66D9120C03AE000DC598C /* Build configuration list for PBXNativeTarget "appTests" */ = {
			isa = XCConfigurationList;
			buildConfigurations = (
				A7F66D9220C03AE000DC598C /* Debug */,
				A7F66D9320C03AE000DC598C /* Release */,
			);
			defaultConfigurationIsVisible = 0;
			defaultConfigurationName = Release;
		};
		A7F66D9420C03AE000DC598C /* Build configuration list for PBXNativeTarget "appUITests" */ = {
			isa = XCConfigurationList;
			buildConfigurations = (
				A7F66D9520C03AE000DC598C /* Debug */,
				A7F66D9620C03AE000DC598C /* Release */,
			);
			defaultConfigurationIsVisible = 0;
			defaultConfigurationName = Release;
		};
/* End XCConfigurationList section */
	};
	rootObject = A7F66D5E20C03ADF00DC598C /* Project object */;
}
